// !$*UTF8*$!
{
	archiveVersion = 1;
	classes = {
	};
	objectVersion = 56;
	objects = {

/* Begin PBXBuildFile section */
		222DF1602E2ED5AD00C82047 /* FavoriteTableViewCell.swift in Sources */ = {isa = PBXBuildFile; fileRef = 222DF15F2E2ED5AD00C82047 /* FavoriteTableViewCell.swift */; };
		222DF1622E2ED8B600C82047 /* FavoriteMoviesViewController.swift in Sources */ = {isa = PBXBuildFile; fileRef = 222DF1612E2ED8B600C82047 /* FavoriteMoviesViewController.swift */; };
		222DF1642E2EEB9F00C82047 /* MovieDetailsViewController.swift in Sources */ = {isa = PBXBuildFile; fileRef = 222DF1632E2EEB9F00C82047 /* MovieDetailsViewController.swift */; };
		2239176D2E2F804B00AB66EC /* MoviesViewController.swift in Sources */ = {isa = PBXBuildFile; fileRef = 2239176C2E2F804B00AB66EC /* MoviesViewController.swift */; };
		2239177D2E2F99CD00AB66EC /* MovieEntity.swift in Sources */ = {isa = PBXBuildFile; fileRef = 2239177C2E2F99CD00AB66EC /* MovieEntity.swift */; };
		223917812E2F9A5900AB66EC /* MovieRepository.swift in Sources */ = {isa = PBXBuildFile; fileRef = 223917802E2F9A5900AB66EC /* MovieRepository.swift */; };
		223917842E2F9AD100AB66EC /* FetchTopRatedMoviesUseCase.swift in Sources */ = {isa = PBXBuildFile; fileRef = 223917832E2F9AD100AB66EC /* FetchTopRatedMoviesUseCase.swift */; };
		223917862E2F9AE800AB66EC /* ToggleFavoriteUseCase.swift in Sources */ = {isa = PBXBuildFile; fileRef = 223917852E2F9AE800AB66EC /* ToggleFavoriteUseCase.swift */; };
		2239178A2E2F9B3A00AB66EC /* Repositories.swift in Sources */ = {isa = PBXBuildFile; fileRef = 223917892E2F9B3A00AB66EC /* Repositories.swift */; };
		2239178D2E2F9B6400AB66EC /* MovieAPIService.swift in Sources */ = {isa = PBXBuildFile; fileRef = 2239178C2E2F9B6400AB66EC /* MovieAPIService.swift */; };
		223917902E2F9B9800AB66EC /* MovieLocalDataSource.swift in Sources */ = {isa = PBXBuildFile; fileRef = 2239178F2E2F9B9800AB66EC /* MovieLocalDataSource.swift */; };
		223917932E2F9BD700AB66EC /* MovieDto.swift in Sources */ = {isa = PBXBuildFile; fileRef = 223917922E2F9BD700AB66EC /* MovieDto.swift */; };
		223917952E2FA26E00AB66EC /* NetworkMonitor.swift in Sources */ = {isa = PBXBuildFile; fileRef = 223917942E2FA26E00AB66EC /* NetworkMonitor.swift */; };
		223917972E2FA2FE00AB66EC /* AppLaunchChecker.swift in Sources */ = {isa = PBXBuildFile; fileRef = 223917962E2FA2FE00AB66EC /* AppLaunchChecker.swift */; };
		2239179A2E2FA42100AB66EC /* HomeViewModel.swift in Sources */ = {isa = PBXBuildFile; fileRef = 223917992E2FA42100AB66EC /* HomeViewModel.swift */; };
		2239179C2E2FCC2200AB66EC /* FetchMoviesOfTheYearUseCase.swift in Sources */ = {isa = PBXBuildFile; fileRef = 2239179B2E2FCC2200AB66EC /* FetchMoviesOfTheYearUseCase.swift */; };
		22D65A622E2EAF6B00F34B62 /* AppDelegate.swift in Sources */ = {isa = PBXBuildFile; fileRef = 22D65A612E2EAF6B00F34B62 /* AppDelegate.swift */; };
		22D65A642E2EAF6B00F34B62 /* SceneDelegate.swift in Sources */ = {isa = PBXBuildFile; fileRef = 22D65A632E2EAF6B00F34B62 /* SceneDelegate.swift */; };
		22D65A692E2EAF6B00F34B62 /* Main.storyboard in Resources */ = {isa = PBXBuildFile; fileRef = 22D65A672E2EAF6B00F34B62 /* Main.storyboard */; };
		22D65A6C2E2EAF6B00F34B62 /* MovieApp.xcdatamodeld in Sources */ = {isa = PBXBuildFile; fileRef = 22D65A6A2E2EAF6B00F34B62 /* MovieApp.xcdatamodeld */; };
		22D65A6E2E2EAF6D00F34B62 /* Assets.xcassets in Resources */ = {isa = PBXBuildFile; fileRef = 22D65A6D2E2EAF6D00F34B62 /* Assets.xcassets */; };
		22D65A712E2EAF6D00F34B62 /* LaunchScreen.storyboard in Resources */ = {isa = PBXBuildFile; fileRef = 22D65A6F2E2EAF6D00F34B62 /* LaunchScreen.storyboard */; };
		22D65A7C2E2EAF6D00F34B62 /* MovieAppTests.swift in Sources */ = {isa = PBXBuildFile; fileRef = 22D65A7B2E2EAF6D00F34B62 /* MovieAppTests.swift */; };
		22D65A862E2EAF6D00F34B62 /* MovieAppUITests.swift in Sources */ = {isa = PBXBuildFile; fileRef = 22D65A852E2EAF6D00F34B62 /* MovieAppUITests.swift */; };
		22D65A882E2EAF6D00F34B62 /* MovieAppUITestsLaunchTests.swift in Sources */ = {isa = PBXBuildFile; fileRef = 22D65A872E2EAF6D00F34B62 /* MovieAppUITestsLaunchTests.swift */; };
		22D65A952E2EB23000F34B62 /* HomeViewController.swift in Sources */ = {isa = PBXBuildFile; fileRef = 22D65A942E2EB23000F34B62 /* HomeViewController.swift */; };
		22D65A972E2EB2F200F34B62 /* BannerCell.swift in Sources */ = {isa = PBXBuildFile; fileRef = 22D65A962E2EB2F200F34B62 /* BannerCell.swift */; };
		22D65A992E2EB32700F34B62 /* MovieOfTheCell.swift in Sources */ = {isa = PBXBuildFile; fileRef = 22D65A982E2EB32700F34B62 /* MovieOfTheCell.swift */; };
		22D65A9B2E2EB34900F34B62 /* TopRatedMovieCell.swift in Sources */ = {isa = PBXBuildFile; fileRef = 22D65A9A2E2EB34900F34B62 /* TopRatedMovieCell.swift */; };
		22D65A9F2E2EB7E100F34B62 /* SectionHeaderView.swift in Sources */ = {isa = PBXBuildFile; fileRef = 22D65A9E2E2EB7E100F34B62 /* SectionHeaderView.swift */; };
/* End PBXBuildFile section */

/* Begin PBXContainerItemProxy section */
		22D65A782E2EAF6D00F34B62 /* PBXContainerItemProxy */ = {
			isa = PBXContainerItemProxy;
			containerPortal = 22D65A562E2EAF6B00F34B62 /* Project object */;
			proxyType = 1;
			remoteGlobalIDString = 22D65A5D2E2EAF6B00F34B62;
			remoteInfo = MovieApp;
		};
		22D65A822E2EAF6D00F34B62 /* PBXContainerItemProxy */ = {
			isa = PBXContainerItemProxy;
			containerPortal = 22D65A562E2EAF6B00F34B62 /* Project object */;
			proxyType = 1;
			remoteGlobalIDString = 22D65A5D2E2EAF6B00F34B62;
			remoteInfo = MovieApp;
		};
/* End PBXContainerItemProxy section */

/* Begin PBXFileReference section */
		222DF15F2E2ED5AD00C82047 /* FavoriteTableViewCell.swift */ = {isa = PBXFileReference; lastKnownFileType = sourcecode.swift; path = FavoriteTableViewCell.swift; sourceTree = "<group>"; };
		222DF1612E2ED8B600C82047 /* FavoriteMoviesViewController.swift */ = {isa = PBXFileReference; lastKnownFileType = sourcecode.swift; path = FavoriteMoviesViewController.swift; sourceTree = "<group>"; };
		222DF1632E2EEB9F00C82047 /* MovieDetailsViewController.swift */ = {isa = PBXFileReference; lastKnownFileType = sourcecode.swift; path = MovieDetailsViewController.swift; sourceTree = "<group>"; };
		2239176C2E2F804B00AB66EC /* MoviesViewController.swift */ = {isa = PBXFileReference; lastKnownFileType = sourcecode.swift; path = MoviesViewController.swift; sourceTree = "<group>"; };
		2239177C2E2F99CD00AB66EC /* MovieEntity.swift */ = {isa = PBXFileReference; lastKnownFileType = sourcecode.swift; path = MovieEntity.swift; sourceTree = "<group>"; };
		223917802E2F9A5900AB66EC /* MovieRepository.swift */ = {isa = PBXFileReference; lastKnownFileType = sourcecode.swift; path = MovieRepository.swift; sourceTree = "<group>"; };
		223917832E2F9AD100AB66EC /* FetchTopRatedMoviesUseCase.swift */ = {isa = PBXFileReference; lastKnownFileType = sourcecode.swift; path = FetchTopRatedMoviesUseCase.swift; sourceTree = "<group>"; };
		223917852E2F9AE800AB66EC /* ToggleFavoriteUseCase.swift */ = {isa = PBXFileReference; lastKnownFileType = sourcecode.swift; path = ToggleFavoriteUseCase.swift; sourceTree = "<group>"; };
		223917892E2F9B3A00AB66EC /* Repositories.swift */ = {isa = PBXFileReference; lastKnownFileType = sourcecode.swift; path = Repositories.swift; sourceTree = "<group>"; };
		2239178C2E2F9B6400AB66EC /* MovieAPIService.swift */ = {isa = PBXFileReference; lastKnownFileType = sourcecode.swift; path = MovieAPIService.swift; sourceTree = "<group>"; };
		2239178F2E2F9B9800AB66EC /* MovieLocalDataSource.swift */ = {isa = PBXFileReference; lastKnownFileType = sourcecode.swift; path = MovieLocalDataSource.swift; sourceTree = "<group>"; };
		223917922E2F9BD700AB66EC /* MovieDto.swift */ = {isa = PBXFileReference; lastKnownFileType = sourcecode.swift; path = MovieDto.swift; sourceTree = "<group>"; };
		223917942E2FA26E00AB66EC /* NetworkMonitor.swift */ = {isa = PBXFileReference; lastKnownFileType = sourcecode.swift; path = NetworkMonitor.swift; sourceTree = "<group>"; };
		223917962E2FA2FE00AB66EC /* AppLaunchChecker.swift */ = {isa = PBXFileReference; lastKnownFileType = sourcecode.swift; path = AppLaunchChecker.swift; sourceTree = "<group>"; };
		223917992E2FA42100AB66EC /* HomeViewModel.swift */ = {isa = PBXFileReference; lastKnownFileType = sourcecode.swift; path = HomeViewModel.swift; sourceTree = "<group>"; };
		2239179B2E2FCC2200AB66EC /* FetchMoviesOfTheYearUseCase.swift */ = {isa = PBXFileReference; lastKnownFileType = sourcecode.swift; path = FetchMoviesOfTheYearUseCase.swift; sourceTree = "<group>"; };
		22D65A5E2E2EAF6B00F34B62 /* MovieApp.app */ = {isa = PBXFileReference; explicitFileType = wrapper.application; includeInIndex = 0; path = MovieApp.app; sourceTree = BUILT_PRODUCTS_DIR; };
		22D65A612E2EAF6B00F34B62 /* AppDelegate.swift */ = {isa = PBXFileReference; lastKnownFileType = sourcecode.swift; path = AppDelegate.swift; sourceTree = "<group>"; };
		22D65A632E2EAF6B00F34B62 /* SceneDelegate.swift */ = {isa = PBXFileReference; lastKnownFileType = sourcecode.swift; path = SceneDelegate.swift; sourceTree = "<group>"; };
		22D65A682E2EAF6B00F34B62 /* Base */ = {isa = PBXFileReference; lastKnownFileType = file.storyboard; name = Base; path = Base.lproj/Main.storyboard; sourceTree = "<group>"; };
		22D65A6B2E2EAF6B00F34B62 /* MovieApp.xcdatamodel */ = {isa = PBXFileReference; lastKnownFileType = wrapper.xcdatamodel; path = MovieApp.xcdatamodel; sourceTree = "<group>"; };
		22D65A6D2E2EAF6D00F34B62 /* Assets.xcassets */ = {isa = PBXFileReference; lastKnownFileType = folder.assetcatalog; path = Assets.xcassets; sourceTree = "<group>"; };
		22D65A702E2EAF6D00F34B62 /* Base */ = {isa = PBXFileReference; lastKnownFileType = file.storyboard; name = Base; path = Base.lproj/LaunchScreen.storyboard; sourceTree = "<group>"; };
		22D65A722E2EAF6D00F34B62 /* Info.plist */ = {isa = PBXFileReference; lastKnownFileType = text.plist.xml; path = Info.plist; sourceTree = "<group>"; };
		22D65A772E2EAF6D00F34B62 /* MovieAppTests.xctest */ = {isa = PBXFileReference; explicitFileType = wrapper.cfbundle; includeInIndex = 0; path = MovieAppTests.xctest; sourceTree = BUILT_PRODUCTS_DIR; };
		22D65A7B2E2EAF6D00F34B62 /* MovieAppTests.swift */ = {isa = PBXFileReference; lastKnownFileType = sourcecode.swift; path = MovieAppTests.swift; sourceTree = "<group>"; };
		22D65A812E2EAF6D00F34B62 /* MovieAppUITests.xctest */ = {isa = PBXFileReference; explicitFileType = wrapper.cfbundle; includeInIndex = 0; path = MovieAppUITests.xctest; sourceTree = BUILT_PRODUCTS_DIR; };
		22D65A852E2EAF6D00F34B62 /* MovieAppUITests.swift */ = {isa = PBXFileReference; lastKnownFileType = sourcecode.swift; path = MovieAppUITests.swift; sourceTree = "<group>"; };
		22D65A872E2EAF6D00F34B62 /* MovieAppUITestsLaunchTests.swift */ = {isa = PBXFileReference; lastKnownFileType = sourcecode.swift; path = MovieAppUITestsLaunchTests.swift; sourceTree = "<group>"; };
		22D65A942E2EB23000F34B62 /* HomeViewController.swift */ = {isa = PBXFileReference; lastKnownFileType = sourcecode.swift; path = HomeViewController.swift; sourceTree = "<group>"; };
		22D65A962E2EB2F200F34B62 /* BannerCell.swift */ = {isa = PBXFileReference; lastKnownFileType = sourcecode.swift; path = BannerCell.swift; sourceTree = "<group>"; };
		22D65A982E2EB32700F34B62 /* MovieOfTheCell.swift */ = {isa = PBXFileReference; lastKnownFileType = sourcecode.swift; path = MovieOfTheCell.swift; sourceTree = "<group>"; };
		22D65A9A2E2EB34900F34B62 /* TopRatedMovieCell.swift */ = {isa = PBXFileReference; lastKnownFileType = sourcecode.swift; path = TopRatedMovieCell.swift; sourceTree = "<group>"; };
		22D65A9E2E2EB7E100F34B62 /* SectionHeaderView.swift */ = {isa = PBXFileReference; lastKnownFileType = sourcecode.swift; path = SectionHeaderView.swift; sourceTree = "<group>"; };
/* End PBXFileReference section */

/* Begin PBXFrameworksBuildPhase section */
		22D65A5B2E2EAF6B00F34B62 /* Frameworks */ = {
			isa = PBXFrameworksBuildPhase;
			buildActionMask = 2147483647;
			files = (
			);
			runOnlyForDeploymentPostprocessing = 0;
		};
		22D65A742E2EAF6D00F34B62 /* Frameworks */ = {
			isa = PBXFrameworksBuildPhase;
			buildActionMask = 2147483647;
			files = (
			);
			runOnlyForDeploymentPostprocessing = 0;
		};
		22D65A7E2E2EAF6D00F34B62 /* Frameworks */ = {
			isa = PBXFrameworksBuildPhase;
			buildActionMask = 2147483647;
			files = (
			);
			runOnlyForDeploymentPostprocessing = 0;
		};
/* End PBXFrameworksBuildPhase section */

/* Begin PBXGroup section */
		2239176E2E2F8A2700AB66EC /* Application */ = {
			isa = PBXGroup;
			children = (
				22D65A612E2EAF6B00F34B62 /* AppDelegate.swift */,
				22D65A632E2EAF6B00F34B62 /* SceneDelegate.swift */,
				22D65A672E2EAF6B00F34B62 /* Main.storyboard */,
				22D65A6F2E2EAF6D00F34B62 /* LaunchScreen.storyboard */,
			);
			path = Application;
			sourceTree = "<group>";
		};
		2239176F2E2F8A3400AB66EC /* Data */ = {
			isa = PBXGroup;
			children = (
				223917912E2F9BC500AB66EC /* Dtos */,
				2239178E2E2F9B8D00AB66EC /* Local */,
				2239178B2E2F9B5700AB66EC /* Network */,
				223917882E2F9B2700AB66EC /* Repositries */,
			);
			path = Data;
			sourceTree = "<group>";
		};
		223917702E2F8A3D00AB66EC /* Domain */ = {
			isa = PBXGroup;
			children = (
				223917822E2F9AC700AB66EC /* UseCases */,
				2239177E2E2F9A2500AB66EC /* Interfaces */,
				2239177A2E2F999C00AB66EC /* Entities */,
			);
			path = Domain;
			sourceTree = "<group>";
		};
		223917712E2F8A4500AB66EC /* Presentation */ = {
			isa = PBXGroup;
			children = (
				223917742E2F8A7B00AB66EC /* Views */,
				223917732E2F8A6D00AB66EC /* ViewModels */,
			);
			path = Presentation;
			sourceTree = "<group>";
		};
		223917722E2F8A5500AB66EC /* Utils */ = {
			isa = PBXGroup;
			children = (
				223917942E2FA26E00AB66EC /* NetworkMonitor.swift */,
				223917962E2FA2FE00AB66EC /* AppLaunchChecker.swift */,
			);
			path = Utils;
			sourceTree = "<group>";
		};
		223917732E2F8A6D00AB66EC /* ViewModels */ = {
			isa = PBXGroup;
			children = (
				2239179D2E2FD84100AB66EC /* Favorites */,
				223917982E2FA41200AB66EC /* Home */,
			);
			path = ViewModels;
			sourceTree = "<group>";
		};
		223917742E2F8A7B00AB66EC /* Views */ = {
			isa = PBXGroup;
			children = (
				223917792E2F8AEF00AB66EC /* MovieDetails */,
				223917772E2F8AD200AB66EC /* Favorites */,
				223917762E2F8AA700AB66EC /* Home */,
			);
			path = Views;
			sourceTree = "<group>";
		};
		223917762E2F8AA700AB66EC /* Home */ = {
			isa = PBXGroup;
			children = (
				22D65A9E2E2EB7E100F34B62 /* SectionHeaderView.swift */,
				22D65A942E2EB23000F34B62 /* HomeViewController.swift */,
				22D65A962E2EB2F200F34B62 /* BannerCell.swift */,
				22D65A982E2EB32700F34B62 /* MovieOfTheCell.swift */,
				22D65A9A2E2EB34900F34B62 /* TopRatedMovieCell.swift */,
			);
			path = Home;
			sourceTree = "<group>";
		};
		223917772E2F8AD200AB66EC /* Favorites */ = {
			isa = PBXGroup;
			children = (
				222DF15F2E2ED5AD00C82047 /* FavoriteTableViewCell.swift */,
				222DF1612E2ED8B600C82047 /* FavoriteMoviesViewController.swift */,
			);
			path = Favorites;
			sourceTree = "<group>";
		};
		223917792E2F8AEF00AB66EC /* MovieDetails */ = {
			isa = PBXGroup;
			children = (
				222DF1632E2EEB9F00C82047 /* MovieDetailsViewController.swift */,
				2239176C2E2F804B00AB66EC /* MoviesViewController.swift */,
			);
			path = MovieDetails;
			sourceTree = "<group>";
		};
		2239177A2E2F999C00AB66EC /* Entities */ = {
			isa = PBXGroup;
			children = (
				2239177C2E2F99CD00AB66EC /* MovieEntity.swift */,
			);
			path = Entities;
			sourceTree = "<group>";
		};
		2239177E2E2F9A2500AB66EC /* Interfaces */ = {
			isa = PBXGroup;
			children = (
				2239177F2E2F9A3000AB66EC /* Repositories */,
			);
			path = Interfaces;
			sourceTree = "<group>";
		};
		2239177F2E2F9A3000AB66EC /* Repositories */ = {
			isa = PBXGroup;
			children = (
				223917802E2F9A5900AB66EC /* MovieRepository.swift */,
			);
			path = Repositories;
			sourceTree = "<group>";
		};
		223917822E2F9AC700AB66EC /* UseCases */ = {
			isa = PBXGroup;
			children = (
				223917832E2F9AD100AB66EC /* FetchTopRatedMoviesUseCase.swift */,
				2239179B2E2FCC2200AB66EC /* FetchMoviesOfTheYearUseCase.swift */,
				223917852E2F9AE800AB66EC /* ToggleFavoriteUseCase.swift */,
			);
			path = UseCases;
			sourceTree = "<group>";
		};
		223917882E2F9B2700AB66EC /* Repositries */ = {
			isa = PBXGroup;
			children = (
				223917892E2F9B3A00AB66EC /* Repositories.swift */,
			);
			path = Repositries;
			sourceTree = "<group>";
		};
		2239178B2E2F9B5700AB66EC /* Network */ = {
			isa = PBXGroup;
			children = (
				2239178C2E2F9B6400AB66EC /* MovieAPIService.swift */,
			);
			path = Network;
			sourceTree = "<group>";
		};
		2239178E2E2F9B8D00AB66EC /* Local */ = {
			isa = PBXGroup;
			children = (
				2239178F2E2F9B9800AB66EC /* MovieLocalDataSource.swift */,
			);
			path = Local;
			sourceTree = "<group>";
		};
		223917912E2F9BC500AB66EC /* Dtos */ = {
			isa = PBXGroup;
			children = (
				223917922E2F9BD700AB66EC /* MovieDto.swift */,
			);
			path = Dtos;
			sourceTree = "<group>";
		};
		223917982E2FA41200AB66EC /* Home */ = {
			isa = PBXGroup;
			children = (
				223917992E2FA42100AB66EC /* HomeViewModel.swift */,
			);
			path = Home;
			sourceTree = "<group>";
		};
		2239179D2E2FD84100AB66EC /* Favorites */ = {
			isa = PBXGroup;
			children = (
			);
			path = Favorites;
			sourceTree = "<group>";
		};
		22D65A552E2EAF6B00F34B62 = {
			isa = PBXGroup;
			children = (
				22D65A602E2EAF6B00F34B62 /* MovieApp */,
				22D65A7A2E2EAF6D00F34B62 /* MovieAppTests */,
				22D65A842E2EAF6D00F34B62 /* MovieAppUITests */,
				22D65A5F2E2EAF6B00F34B62 /* Products */,
			);
			sourceTree = "<group>";
		};
		22D65A5F2E2EAF6B00F34B62 /* Products */ = {
			isa = PBXGroup;
			children = (
				22D65A5E2E2EAF6B00F34B62 /* MovieApp.app */,
				22D65A772E2EAF6D00F34B62 /* MovieAppTests.xctest */,
				22D65A812E2EAF6D00F34B62 /* MovieAppUITests.xctest */,
			);
			name = Products;
			sourceTree = "<group>";
		};
		22D65A602E2EAF6B00F34B62 /* MovieApp */ = {
			isa = PBXGroup;
			children = (
				223917722E2F8A5500AB66EC /* Utils */,
				223917712E2F8A4500AB66EC /* Presentation */,
				223917702E2F8A3D00AB66EC /* Domain */,
				2239176F2E2F8A3400AB66EC /* Data */,
				2239176E2E2F8A2700AB66EC /* Application */,
				22D65A6D2E2EAF6D00F34B62 /* Assets.xcassets */,
				22D65A722E2EAF6D00F34B62 /* Info.plist */,
				22D65A6A2E2EAF6B00F34B62 /* MovieApp.xcdatamodeld */,
			);
			path = MovieApp;
			sourceTree = "<group>";
		};
		22D65A7A2E2EAF6D00F34B62 /* MovieAppTests */ = {
			isa = PBXGroup;
			children = (
				22D65A7B2E2EAF6D00F34B62 /* MovieAppTests.swift */,
			);
			path = MovieAppTests;
			sourceTree = "<group>";
		};
		22D65A842E2EAF6D00F34B62 /* MovieAppUITests */ = {
			isa = PBXGroup;
			children = (
				22D65A852E2EAF6D00F34B62 /* MovieAppUITests.swift */,
				22D65A872E2EAF6D00F34B62 /* MovieAppUITestsLaunchTests.swift */,
			);
			path = MovieAppUITests;
			sourceTree = "<group>";
		};
/* End PBXGroup section */

/* Begin PBXNativeTarget section */
		22D65A5D2E2EAF6B00F34B62 /* MovieApp */ = {
			isa = PBXNativeTarget;
			buildConfigurationList = 22D65A8B2E2EAF6D00F34B62 /* Build configuration list for PBXNativeTarget "MovieApp" */;
			buildPhases = (
				22D65A5A2E2EAF6B00F34B62 /* Sources */,
				22D65A5B2E2EAF6B00F34B62 /* Frameworks */,
				22D65A5C2E2EAF6B00F34B62 /* Resources */,
			);
			buildRules = (
			);
			dependencies = (
			);
			name = MovieApp;
			productName = MovieApp;
			productReference = 22D65A5E2E2EAF6B00F34B62 /* MovieApp.app */;
			productType = "com.apple.product-type.application";
		};
		22D65A762E2EAF6D00F34B62 /* MovieAppTests */ = {
			isa = PBXNativeTarget;
			buildConfigurationList = 22D65A8E2E2EAF6D00F34B62 /* Build configuration list for PBXNativeTarget "MovieAppTests" */;
			buildPhases = (
				22D65A732E2EAF6D00F34B62 /* Sources */,
				22D65A742E2EAF6D00F34B62 /* Frameworks */,
				22D65A752E2EAF6D00F34B62 /* Resources */,
			);
			buildRules = (
			);
			dependencies = (
				22D65A792E2EAF6D00F34B62 /* PBXTargetDependency */,
			);
			name = MovieAppTests;
			productName = MovieAppTests;
			productReference = 22D65A772E2EAF6D00F34B62 /* MovieAppTests.xctest */;
			productType = "com.apple.product-type.bundle.unit-test";
		};
		22D65A802E2EAF6D00F34B62 /* MovieAppUITests */ = {
			isa = PBXNativeTarget;
			buildConfigurationList = 22D65A912E2EAF6D00F34B62 /* Build configuration list for PBXNativeTarget "MovieAppUITests" */;
			buildPhases = (
				22D65A7D2E2EAF6D00F34B62 /* Sources */,
				22D65A7E2E2EAF6D00F34B62 /* Frameworks */,
				22D65A7F2E2EAF6D00F34B62 /* Resources */,
			);
			buildRules = (
			);
			dependencies = (
				22D65A832E2EAF6D00F34B62 /* PBXTargetDependency */,
			);
			name = MovieAppUITests;
			productName = MovieAppUITests;
			productReference = 22D65A812E2EAF6D00F34B62 /* MovieAppUITests.xctest */;
			productType = "com.apple.product-type.bundle.ui-testing";
		};
/* End PBXNativeTarget section */

/* Begin PBXProject section */
		22D65A562E2EAF6B00F34B62 /* Project object */ = {
			isa = PBXProject;
			attributes = {
				BuildIndependentTargetsInParallel = 1;
				LastSwiftUpdateCheck = 1500;
				LastUpgradeCheck = 1500;
				TargetAttributes = {
					22D65A5D2E2EAF6B00F34B62 = {
						CreatedOnToolsVersion = 15.0;
					};
					22D65A762E2EAF6D00F34B62 = {
						CreatedOnToolsVersion = 15.0;
						TestTargetID = 22D65A5D2E2EAF6B00F34B62;
					};
					22D65A802E2EAF6D00F34B62 = {
						CreatedOnToolsVersion = 15.0;
						TestTargetID = 22D65A5D2E2EAF6B00F34B62;
					};
				};
			};
			buildConfigurationList = 22D65A592E2EAF6B00F34B62 /* Build configuration list for PBXProject "MovieApp" */;
			compatibilityVersion = "Xcode 14.0";
			developmentRegion = en;
			hasScannedForEncodings = 0;
			knownRegions = (
				en,
				Base,
			);
			mainGroup = 22D65A552E2EAF6B00F34B62;
			productRefGroup = 22D65A5F2E2EAF6B00F34B62 /* Products */;
			projectDirPath = "";
			projectRoot = "";
			targets = (
				22D65A5D2E2EAF6B00F34B62 /* MovieApp */,
				22D65A762E2EAF6D00F34B62 /* MovieAppTests */,
				22D65A802E2EAF6D00F34B62 /* MovieAppUITests */,
			);
		};
/* End PBXProject section */

/* Begin PBXResourcesBuildPhase section */
		22D65A5C2E2EAF6B00F34B62 /* Resources */ = {
			isa = PBXResourcesBuildPhase;
			buildActionMask = 2147483647;
			files = (
				22D65A712E2EAF6D00F34B62 /* LaunchScreen.storyboard in Resources */,
				22D65A6E2E2EAF6D00F34B62 /* Assets.xcassets in Resources */,
				22D65A692E2EAF6B00F34B62 /* Main.storyboard in Resources */,
			);
			runOnlyForDeploymentPostprocessing = 0;
		};
		22D65A752E2EAF6D00F34B62 /* Resources */ = {
			isa = PBXResourcesBuildPhase;
			buildActionMask = 2147483647;
			files = (
			);
			runOnlyForDeploymentPostprocessing = 0;
		};
		22D65A7F2E2EAF6D00F34B62 /* Resources */ = {
			isa = PBXResourcesBuildPhase;
			buildActionMask = 2147483647;
			files = (
			);
			runOnlyForDeploymentPostprocessing = 0;
		};
/* End PBXResourcesBuildPhase section */

/* Begin PBXSourcesBuildPhase section */
		22D65A5A2E2EAF6B00F34B62 /* Sources */ = {
			isa = PBXSourcesBuildPhase;
			buildActionMask = 2147483647;
			files = (
				223917972E2FA2FE00AB66EC /* AppLaunchChecker.swift in Sources */,
				223917842E2F9AD100AB66EC /* FetchTopRatedMoviesUseCase.swift in Sources */,
				223917862E2F9AE800AB66EC /* ToggleFavoriteUseCase.swift in Sources */,
				2239179C2E2FCC2200AB66EC /* FetchMoviesOfTheYearUseCase.swift in Sources */,
				223917902E2F9B9800AB66EC /* MovieLocalDataSource.swift in Sources */,
				22D65A992E2EB32700F34B62 /* MovieOfTheCell.swift in Sources */,
				2239179A2E2FA42100AB66EC /* HomeViewModel.swift in Sources */,
				22D65A952E2EB23000F34B62 /* HomeViewController.swift in Sources */,
				222DF1622E2ED8B600C82047 /* FavoriteMoviesViewController.swift in Sources */,
				22D65A9B2E2EB34900F34B62 /* TopRatedMovieCell.swift in Sources */,
				223917812E2F9A5900AB66EC /* MovieRepository.swift in Sources */,
				223917932E2F9BD700AB66EC /* MovieDto.swift in Sources */,
				22D65A622E2EAF6B00F34B62 /* AppDelegate.swift in Sources */,
				22D65A6C2E2EAF6B00F34B62 /* MovieApp.xcdatamodeld in Sources */,
				22D65A9F2E2EB7E100F34B62 /* SectionHeaderView.swift in Sources */,
				2239176D2E2F804B00AB66EC /* MoviesViewController.swift in Sources */,
				223917952E2FA26E00AB66EC /* NetworkMonitor.swift in Sources */,
				2239177D2E2F99CD00AB66EC /* MovieEntity.swift in Sources */,
				222DF1642E2EEB9F00C82047 /* MovieDetailsViewController.swift in Sources */,
				2239178D2E2F9B6400AB66EC /* MovieAPIService.swift in Sources */,
				2239178A2E2F9B3A00AB66EC /* Repositories.swift in Sources */,
				22D65A642E2EAF6B00F34B62 /* SceneDelegate.swift in Sources */,
				22D65A972E2EB2F200F34B62 /* BannerCell.swift in Sources */,
				222DF1602E2ED5AD00C82047 /* FavoriteTableViewCell.swift in Sources */,
			);
			runOnlyForDeploymentPostprocessing = 0;
		};
		22D65A732E2EAF6D00F34B62 /* Sources */ = {
			isa = PBXSourcesBuildPhase;
			buildActionMask = 2147483647;
			files = (
				22D65A7C2E2EAF6D00F34B62 /* MovieAppTests.swift in Sources */,
			);
			runOnlyForDeploymentPostprocessing = 0;
		};
		22D65A7D2E2EAF6D00F34B62 /* Sources */ = {
			isa = PBXSourcesBuildPhase;
			buildActionMask = 2147483647;
			files = (
				22D65A882E2EAF6D00F34B62 /* MovieAppUITestsLaunchTests.swift in Sources */,
				22D65A862E2EAF6D00F34B62 /* MovieAppUITests.swift in Sources */,
			);
			runOnlyForDeploymentPostprocessing = 0;
		};
/* End PBXSourcesBuildPhase section */

/* Begin PBXTargetDependency section */
		22D65A792E2EAF6D00F34B62 /* PBXTargetDependency */ = {
			isa = PBXTargetDependency;
			target = 22D65A5D2E2EAF6B00F34B62 /* MovieApp */;
			targetProxy = 22D65A782E2EAF6D00F34B62 /* PBXContainerItemProxy */;
		};
		22D65A832E2EAF6D00F34B62 /* PBXTargetDependency */ = {
			isa = PBXTargetDependency;
			target = 22D65A5D2E2EAF6B00F34B62 /* MovieApp */;
			targetProxy = 22D65A822E2EAF6D00F34B62 /* PBXContainerItemProxy */;
		};
/* End PBXTargetDependency section */

/* Begin PBXVariantGroup section */
		22D65A672E2EAF6B00F34B62 /* Main.storyboard */ = {
			isa = PBXVariantGroup;
			children = (
				22D65A682E2EAF6B00F34B62 /* Base */,
			);
			name = Main.storyboard;
			sourceTree = "<group>";
		};
		22D65A6F2E2EAF6D00F34B62 /* LaunchScreen.storyboard */ = {
			isa = PBXVariantGroup;
			children = (
				22D65A702E2EAF6D00F34B62 /* Base */,
			);
			name = LaunchScreen.storyboard;
			sourceTree = "<group>";
		};
/* End PBXVariantGroup section */

/* Begin XCBuildConfiguration section */
		22D65A892E2EAF6D00F34B62 /* Debug */ = {
			isa = XCBuildConfiguration;
			buildSettings = {
				ALWAYS_SEARCH_USER_PATHS = NO;
				ASSETCATALOG_COMPILER_GENERATE_SWIFT_ASSET_SYMBOL_EXTENSIONS = YES;
				CLANG_ANALYZER_NONNULL = YES;
				CLANG_ANALYZER_NUMBER_OBJECT_CONVERSION = YES_AGGRESSIVE;
				CLANG_CXX_LANGUAGE_STANDARD = "gnu++20";
				CLANG_ENABLE_MODULES = YES;
				CLANG_ENABLE_OBJC_ARC = YES;
				CLANG_ENABLE_OBJC_WEAK = YES;
				CLANG_WARN_BLOCK_CAPTURE_AUTORELEASING = YES;
				CLANG_WARN_BOOL_CONVERSION = YES;
				CLANG_WARN_COMMA = YES;
				CLANG_WARN_CONSTANT_CONVERSION = YES;
				CLANG_WARN_DEPRECATED_OBJC_IMPLEMENTATIONS = YES;
				CLANG_WARN_DIRECT_OBJC_ISA_USAGE = YES_ERROR;
				CLANG_WARN_DOCUMENTATION_COMMENTS = YES;
				CLANG_WARN_EMPTY_BODY = YES;
				CLANG_WARN_ENUM_CONVERSION = YES;
				CLANG_WARN_INFINITE_RECURSION = YES;
				CLANG_WARN_INT_CONVERSION = YES;
				CLANG_WARN_NON_LITERAL_NULL_CONVERSION = YES;
				CLANG_WARN_OBJC_IMPLICIT_RETAIN_SELF = YES;
				CLANG_WARN_OBJC_LITERAL_CONVERSION = YES;
				CLANG_WARN_OBJC_ROOT_CLASS = YES_ERROR;
				CLANG_WARN_QUOTED_INCLUDE_IN_FRAMEWORK_HEADER = YES;
				CLANG_WARN_RANGE_LOOP_ANALYSIS = YES;
				CLANG_WARN_STRICT_PROTOTYPES = YES;
				CLANG_WARN_SUSPICIOUS_MOVE = YES;
				CLANG_WARN_UNGUARDED_AVAILABILITY = YES_AGGRESSIVE;
				CLANG_WARN_UNREACHABLE_CODE = YES;
				CLANG_WARN__DUPLICATE_METHOD_MATCH = YES;
				COPY_PHASE_STRIP = NO;
				DEBUG_INFORMATION_FORMAT = dwarf;
				ENABLE_STRICT_OBJC_MSGSEND = YES;
				ENABLE_TESTABILITY = YES;
				ENABLE_USER_SCRIPT_SANDBOXING = YES;
				GCC_C_LANGUAGE_STANDARD = gnu17;
				GCC_DYNAMIC_NO_PIC = NO;
				GCC_NO_COMMON_BLOCKS = YES;
				GCC_OPTIMIZATION_LEVEL = 0;
				GCC_PREPROCESSOR_DEFINITIONS = (
					"DEBUG=1",
					"$(inherited)",
				);
				GCC_WARN_64_TO_32_BIT_CONVERSION = YES;
				GCC_WARN_ABOUT_RETURN_TYPE = YES_ERROR;
				GCC_WARN_UNDECLARED_SELECTOR = YES;
				GCC_WARN_UNINITIALIZED_AUTOS = YES_AGGRESSIVE;
				GCC_WARN_UNUSED_FUNCTION = YES;
				GCC_WARN_UNUSED_VARIABLE = YES;
				IPHONEOS_DEPLOYMENT_TARGET = 17.0;
				LOCALIZATION_PREFERS_STRING_CATALOGS = YES;
				MTL_ENABLE_DEBUG_INFO = INCLUDE_SOURCE;
				MTL_FAST_MATH = YES;
				ONLY_ACTIVE_ARCH = YES;
				SDKROOT = iphoneos;
				SWIFT_ACTIVE_COMPILATION_CONDITIONS = "DEBUG $(inherited)";
				SWIFT_OPTIMIZATION_LEVEL = "-Onone";
			};
			name = Debug;
		};
		22D65A8A2E2EAF6D00F34B62 /* Release */ = {
			isa = XCBuildConfiguration;
			buildSettings = {
				ALWAYS_SEARCH_USER_PATHS = NO;
				ASSETCATALOG_COMPILER_GENERATE_SWIFT_ASSET_SYMBOL_EXTENSIONS = YES;
				CLANG_ANALYZER_NONNULL = YES;
				CLANG_ANALYZER_NUMBER_OBJECT_CONVERSION = YES_AGGRESSIVE;
				CLANG_CXX_LANGUAGE_STANDARD = "gnu++20";
				CLANG_ENABLE_MODULES = YES;
				CLANG_ENABLE_OBJC_ARC = YES;
				CLANG_ENABLE_OBJC_WEAK = YES;
				CLANG_WARN_BLOCK_CAPTURE_AUTORELEASING = YES;
				CLANG_WARN_BOOL_CONVERSION = YES;
				CLANG_WARN_COMMA = YES;
				CLANG_WARN_CONSTANT_CONVERSION = YES;
				CLANG_WARN_DEPRECATED_OBJC_IMPLEMENTATIONS = YES;
				CLANG_WARN_DIRECT_OBJC_ISA_USAGE = YES_ERROR;
				CLANG_WARN_DOCUMENTATION_COMMENTS = YES;
				CLANG_WARN_EMPTY_BODY = YES;
				CLANG_WARN_ENUM_CONVERSION = YES;
				CLANG_WARN_INFINITE_RECURSION = YES;
				CLANG_WARN_INT_CONVERSION = YES;
				CLANG_WARN_NON_LITERAL_NULL_CONVERSION = YES;
				CLANG_WARN_OBJC_IMPLICIT_RETAIN_SELF = YES;
				CLANG_WARN_OBJC_LITERAL_CONVERSION = YES;
				CLANG_WARN_OBJC_ROOT_CLASS = YES_ERROR;
				CLANG_WARN_QUOTED_INCLUDE_IN_FRAMEWORK_HEADER = YES;
				CLANG_WARN_RANGE_LOOP_ANALYSIS = YES;
				CLANG_WARN_STRICT_PROTOTYPES = YES;
				CLANG_WARN_SUSPICIOUS_MOVE = YES;
				CLANG_WARN_UNGUARDED_AVAILABILITY = YES_AGGRESSIVE;
				CLANG_WARN_UNREACHABLE_CODE = YES;
				CLANG_WARN__DUPLICATE_METHOD_MATCH = YES;
				COPY_PHASE_STRIP = NO;
				DEBUG_INFORMATION_FORMAT = "dwarf-with-dsym";
				ENABLE_NS_ASSERTIONS = NO;
				ENABLE_STRICT_OBJC_MSGSEND = YES;
				ENABLE_USER_SCRIPT_SANDBOXING = YES;
				GCC_C_LANGUAGE_STANDARD = gnu17;
				GCC_NO_COMMON_BLOCKS = YES;
				GCC_WARN_64_TO_32_BIT_CONVERSION = YES;
				GCC_WARN_ABOUT_RETURN_TYPE = YES_ERROR;
				GCC_WARN_UNDECLARED_SELECTOR = YES;
				GCC_WARN_UNINITIALIZED_AUTOS = YES_AGGRESSIVE;
				GCC_WARN_UNUSED_FUNCTION = YES;
				GCC_WARN_UNUSED_VARIABLE = YES;
				IPHONEOS_DEPLOYMENT_TARGET = 17.0;
				LOCALIZATION_PREFERS_STRING_CATALOGS = YES;
				MTL_ENABLE_DEBUG_INFO = NO;
				MTL_FAST_MATH = YES;
				SDKROOT = iphoneos;
				SWIFT_COMPILATION_MODE = wholemodule;
				VALIDATE_PRODUCT = YES;
			};
			name = Release;
		};
		22D65A8C2E2EAF6D00F34B62 /* Debug */ = {
			isa = XCBuildConfiguration;
			buildSettings = {
				ASSETCATALOG_COMPILER_APPICON_NAME = AppIcon;
				ASSETCATALOG_COMPILER_GLOBAL_ACCENT_COLOR_NAME = AccentColor;
				CODE_SIGN_STYLE = Automatic;
				CURRENT_PROJECT_VERSION = 1;
				GENERATE_INFOPLIST_FILE = YES;
				INFOPLIST_FILE = MovieApp/Info.plist;
				INFOPLIST_KEY_UIApplicationSupportsIndirectInputEvents = YES;
				INFOPLIST_KEY_UILaunchStoryboardName = LaunchScreen;
				INFOPLIST_KEY_UIMainStoryboardFile = Main;
				INFOPLIST_KEY_UISupportedInterfaceOrientations_iPad = "UIInterfaceOrientationPortrait UIInterfaceOrientationPortraitUpsideDown UIInterfaceOrientationLandscapeLeft UIInterfaceOrientationLandscapeRight";
				INFOPLIST_KEY_UISupportedInterfaceOrientations_iPhone = "UIInterfaceOrientationPortrait UIInterfaceOrientationLandscapeLeft UIInterfaceOrientationLandscapeRight";
				LD_RUNPATH_SEARCH_PATHS = (
					"$(inherited)",
					"@executable_path/Frameworks",
				);
				MARKETING_VERSION = 1.0;
				PRODUCT_BUNDLE_IDENTIFIER = com.test.MovieApp;
				PRODUCT_NAME = "$(TARGET_NAME)";
				SWIFT_EMIT_LOC_STRINGS = YES;
				SWIFT_VERSION = 5.0;
				TARGETED_DEVICE_FAMILY = "1,2";
			};
			name = Debug;
		};
		22D65A8D2E2EAF6D00F34B62 /* Release */ = {
			isa = XCBuildConfiguration;
			buildSettings = {
				ASSETCATALOG_COMPILER_APPICON_NAME = AppIcon;
				ASSETCATALOG_COMPILER_GLOBAL_ACCENT_COLOR_NAME = AccentColor;
				CODE_SIGN_STYLE = Automatic;
				CURRENT_PROJECT_VERSION = 1;
				GENERATE_INFOPLIST_FILE = YES;
				INFOPLIST_FILE = MovieApp/Info.plist;
				INFOPLIST_KEY_UIApplicationSupportsIndirectInputEvents = YES;
				INFOPLIST_KEY_UILaunchStoryboardName = LaunchScreen;
				INFOPLIST_KEY_UIMainStoryboardFile = Main;
				INFOPLIST_KEY_UISupportedInterfaceOrientations_iPad = "UIInterfaceOrientationPortrait UIInterfaceOrientationPortraitUpsideDown UIInterfaceOrientationLandscapeLeft UIInterfaceOrientationLandscapeRight";
				INFOPLIST_KEY_UISupportedInterfaceOrientations_iPhone = "UIInterfaceOrientationPortrait UIInterfaceOrientationLandscapeLeft UIInterfaceOrientationLandscapeRight";
				LD_RUNPATH_SEARCH_PATHS = (
					"$(inherited)",
					"@executable_path/Frameworks",
				);
				MARKETING_VERSION = 1.0;
				PRODUCT_BUNDLE_IDENTIFIER = com.test.MovieApp;
				PRODUCT_NAME = "$(TARGET_NAME)";
				SWIFT_EMIT_LOC_STRINGS = YES;
				SWIFT_VERSION = 5.0;
				TARGETED_DEVICE_FAMILY = "1,2";
			};
			name = Release;
		};
		22D65A8F2E2EAF6D00F34B62 /* Debug */ = {
			isa = XCBuildConfiguration;
			buildSettings = {
				ALWAYS_EMBED_SWIFT_STANDARD_LIBRARIES = YES;
				BUNDLE_LOADER = "$(TEST_HOST)";
				CODE_SIGN_STYLE = Automatic;
				CURRENT_PROJECT_VERSION = 1;
				GENERATE_INFOPLIST_FILE = YES;
				IPHONEOS_DEPLOYMENT_TARGET = 17.0;
				MARKETING_VERSION = 1.0;
				PRODUCT_BUNDLE_IDENTIFIER = com.test.MovieAppTests;
				PRODUCT_NAME = "$(TARGET_NAME)";
				SWIFT_EMIT_LOC_STRINGS = NO;
				SWIFT_VERSION = 5.0;
				TARGETED_DEVICE_FAMILY = "1,2";
				TEST_HOST = "$(BUILT_PRODUCTS_DIR)/MovieApp.app/$(BUNDLE_EXECUTABLE_FOLDER_PATH)/MovieApp";
			};
			name = Debug;
		};
		22D65A902E2EAF6D00F34B62 /* Release */ = {
			isa = XCBuildConfiguration;
			buildSettings = {
				ALWAYS_EMBED_SWIFT_STANDARD_LIBRARIES = YES;
				BUNDLE_LOADER = "$(TEST_HOST)";
				CODE_SIGN_STYLE = Automatic;
				CURRENT_PROJECT_VERSION = 1;
				GENERATE_INFOPLIST_FILE = YES;
				IPHONEOS_DEPLOYMENT_TARGET = 17.0;
				MARKETING_VERSION = 1.0;
				PRODUCT_BUNDLE_IDENTIFIER = com.test.MovieAppTests;
				PRODUCT_NAME = "$(TARGET_NAME)";
				SWIFT_EMIT_LOC_STRINGS = NO;
				SWIFT_VERSION = 5.0;
				TARGETED_DEVICE_FAMILY = "1,2";
				TEST_HOST = "$(BUILT_PRODUCTS_DIR)/MovieApp.app/$(BUNDLE_EXECUTABLE_FOLDER_PATH)/MovieApp";
			};
			name = Release;
		};
		22D65A922E2EAF6D00F34B62 /* Debug */ = {
			isa = XCBuildConfiguration;
			buildSettings = {
				ALWAYS_EMBED_SWIFT_STANDARD_LIBRARIES = YES;
				CODE_SIGN_STYLE = Automatic;
				CURRENT_PROJECT_VERSION = 1;
				GENERATE_INFOPLIST_FILE = YES;
				MARKETING_VERSION = 1.0;
				PRODUCT_BUNDLE_IDENTIFIER = com.test.MovieAppUITests;
				PRODUCT_NAME = "$(TARGET_NAME)";
				SWIFT_EMIT_LOC_STRINGS = NO;
				SWIFT_VERSION = 5.0;
				TARGETED_DEVICE_FAMILY = "1,2";
				TEST_TARGET_NAME = MovieApp;
			};
			name = Debug;
		};
		22D65A932E2EAF6D00F34B62 /* Release */ = {
			isa = XCBuildConfiguration;
			buildSettings = {
				ALWAYS_EMBED_SWIFT_STANDARD_LIBRARIES = YES;
				CODE_SIGN_STYLE = Automatic;
				CURRENT_PROJECT_VERSION = 1;
				GENERATE_INFOPLIST_FILE = YES;
				MARKETING_VERSION = 1.0;
				PRODUCT_BUNDLE_IDENTIFIER = com.test.MovieAppUITests;
				PRODUCT_NAME = "$(TARGET_NAME)";
				SWIFT_EMIT_LOC_STRINGS = NO;
				SWIFT_VERSION = 5.0;
				TARGETED_DEVICE_FAMILY = "1,2";
				TEST_TARGET_NAME = MovieApp;
			};
			name = Release;
		};
/* End XCBuildConfiguration section */

/* Begin XCConfigurationList section */
		22D65A592E2EAF6B00F34B62 /* Build configuration list for PBXProject "MovieApp" */ = {
			isa = XCConfigurationList;
			buildConfigurations = (
				22D65A892E2EAF6D00F34B62 /* Debug */,
				22D65A8A2E2EAF6D00F34B62 /* Release */,
			);
			defaultConfigurationIsVisible = 0;
			defaultConfigurationName = Release;
		};
		22D65A8B2E2EAF6D00F34B62 /* Build configuration list for PBXNativeTarget "MovieApp" */ = {
			isa = XCConfigurationList;
			buildConfigurations = (
				22D65A8C2E2EAF6D00F34B62 /* Debug */,
				22D65A8D2E2EAF6D00F34B62 /* Release */,
			);
			defaultConfigurationIsVisible = 0;
			defaultConfigurationName = Release;
		};
		22D65A8E2E2EAF6D00F34B62 /* Build configuration list for PBXNativeTarget "MovieAppTests" */ = {
			isa = XCConfigurationList;
			buildConfigurations = (
				22D65A8F2E2EAF6D00F34B62 /* Debug */,
				22D65A902E2EAF6D00F34B62 /* Release */,
			);
			defaultConfigurationIsVisible = 0;
			defaultConfigurationName = Release;
		};
		22D65A912E2EAF6D00F34B62 /* Build configuration list for PBXNativeTarget "MovieAppUITests" */ = {
			isa = XCConfigurationList;
			buildConfigurations = (
				22D65A922E2EAF6D00F34B62 /* Debug */,
				22D65A932E2EAF6D00F34B62 /* Release */,
			);
			defaultConfigurationIsVisible = 0;
			defaultConfigurationName = Release;
		};
/* End XCConfigurationList section */

/* Begin XCVersionGroup section */
		22D65A6A2E2EAF6B00F34B62 /* MovieApp.xcdatamodeld */ = {
			isa = XCVersionGroup;
			children = (
				22D65A6B2E2EAF6B00F34B62 /* MovieApp.xcdatamodel */,
			);
			currentVersion = 22D65A6B2E2EAF6B00F34B62 /* MovieApp.xcdatamodel */;
			path = MovieApp.xcdatamodeld;
			sourceTree = "<group>";
			versionGroupType = wrapper.xcdatamodel;
		};
/* End XCVersionGroup section */
	};
	rootObject = 22D65A562E2EAF6B00F34B62 /* Project object */;
}
